
Microsoft Visual Studio Solution File, Format Version 12.00
# Visual Studio Version 16
VisualStudioVersion = 16.0.30804.86
MinimumVisualStudioVersion = 10.0.40219.1
Project("{9A19103F-16F7-4668-BE54-9A1E7A4F7556}") = "CleanCoders.Specs", "CleanCoders.Specs\CleanCoders.Specs.csproj", "{4269884A-B064-4FC5-B6FE-209A7E2A5DBE}"
EndProject
Global
	GlobalSection(SolutionConfigurationPlatforms) = preSolution
		Debug|Any CPU = Debug|Any CPU
		Release|Any CPU = Release|Any CPU
	EndGlobalSection
	GlobalSection(ProjectConfigurationPlatforms) = postSolution
		{4269884A-B064-4FC5-B6FE-209A7E2A5DBE}.Debug|Any CPU.ActiveCfg = Debug|Any CPU
		{4269884A-B064-4FC5-B6FE-209A7E2A5DBE}.Debug|Any CPU.Build.0 = Debug|Any CPU
		{4269884A-B064-4FC5-B6FE-209A7E2A5DBE}.Release|Any CPU.ActiveCfg = Release|Any CPU
		{4269884A-B064-4FC5-B6FE-209A7E2A5DBE}.Release|Any CPU.Build.0 = Release|Any CPU
	EndGlobalSection
	GlobalSection(SolutionProperties) = preSolution
		HideSolutionNode = FALSE
	EndGlobalSection
	GlobalSection(ExtensibilityGlobals) = postSolution
		SolutionGuid = {44E943FA-3F84-45B0-A1F1-2FB683AA6589}
	EndGlobalSection
EndGlobal
